// !$*UTF8*$!
{
	archiveVersion = 1;
	classes = {
	};
	objectVersion = 56;
	objects = {

/* Begin PBXBuildFile section */
		750BDECD290287FA00C92B53 /* Cloudy_DribbbleConceptApp.swift in Sources */ = {isa = PBXBuildFile; fileRef = 750BDECC290287FA00C92B53 /* Cloudy_DribbbleConceptApp.swift */; };
		750BDECF290287FA00C92B53 /* ContentView.swift in Sources */ = {isa = PBXBuildFile; fileRef = 750BDECE290287FA00C92B53 /* ContentView.swift */; };
		750BDED1290287FB00C92B53 /* Assets.xcassets in Resources */ = {isa = PBXBuildFile; fileRef = 750BDED0290287FB00C92B53 /* Assets.xcassets */; };
		750BDED4290287FB00C92B53 /* Preview Assets.xcassets in Resources */ = {isa = PBXBuildFile; fileRef = 750BDED3290287FB00C92B53 /* Preview Assets.xcassets */; };
		750BDEDB29028C5600C92B53 /* Constants.swift in Sources */ = {isa = PBXBuildFile; fileRef = 750BDEDA29028C5600C92B53 /* Constants.swift */; };
		750BDEDD29028CCF00C92B53 /* OnboardingView.swift in Sources */ = {isa = PBXBuildFile; fileRef = 750BDEDC29028CCF00C92B53 /* OnboardingView.swift */; };
		750BDEE42902925500C92B53 /* SpaceGrotesk-Bold.ttf in Resources */ = {isa = PBXBuildFile; fileRef = 750BDEDF2902925500C92B53 /* SpaceGrotesk-Bold.ttf */; };
		750BDEE52902925500C92B53 /* SpaceGrotesk-Light.ttf in Resources */ = {isa = PBXBuildFile; fileRef = 750BDEE02902925500C92B53 /* SpaceGrotesk-Light.ttf */; };
		750BDEE62902925500C92B53 /* SpaceGrotesk-Medium.ttf in Resources */ = {isa = PBXBuildFile; fileRef = 750BDEE12902925500C92B53 /* SpaceGrotesk-Medium.ttf */; };
		750BDEE72902925500C92B53 /* SpaceGrotesk-Regular.ttf in Resources */ = {isa = PBXBuildFile; fileRef = 750BDEE22902925500C92B53 /* SpaceGrotesk-Regular.ttf */; };
		750BDEE82902925500C92B53 /* SpaceGrotesk-SemiBold.ttf in Resources */ = {isa = PBXBuildFile; fileRef = 750BDEE32902925500C92B53 /* SpaceGrotesk-SemiBold.ttf */; };
		750BDEEB290296F700C92B53 /* SeparatorLine.swift in Sources */ = {isa = PBXBuildFile; fileRef = 750BDEEA290296F600C92B53 /* SeparatorLine.swift */; };
		750BDEEE2902980E00C92B53 /* ArrowNextButton.swift in Sources */ = {isa = PBXBuildFile; fileRef = 750BDEED2902980E00C92B53 /* ArrowNextButton.swift */; };
/* End PBXBuildFile section */

/* Begin PBXFileReference section */
		750BDEC9290287FA00C92B53 /* Cloudy_DribbbleConcept.app */ = {isa = PBXFileReference; explicitFileType = wrapper.application; includeInIndex = 0; path = Cloudy_DribbbleConcept.app; sourceTree = BUILT_PRODUCTS_DIR; };
		750BDECC290287FA00C92B53 /* Cloudy_DribbbleConceptApp.swift */ = {isa = PBXFileReference; lastKnownFileType = sourcecode.swift; path = Cloudy_DribbbleConceptApp.swift; sourceTree = "<group>"; };
		750BDECE290287FA00C92B53 /* ContentView.swift */ = {isa = PBXFileReference; lastKnownFileType = sourcecode.swift; path = ContentView.swift; sourceTree = "<group>"; };
		750BDED0290287FB00C92B53 /* Assets.xcassets */ = {isa = PBXFileReference; lastKnownFileType = folder.assetcatalog; path = Assets.xcassets; sourceTree = "<group>"; };
		750BDED3290287FB00C92B53 /* Preview Assets.xcassets */ = {isa = PBXFileReference; lastKnownFileType = folder.assetcatalog; path = "Preview Assets.xcassets"; sourceTree = "<group>"; };
		750BDEDA29028C5600C92B53 /* Constants.swift */ = {isa = PBXFileReference; lastKnownFileType = sourcecode.swift; path = Constants.swift; sourceTree = "<group>"; };
		750BDEDC29028CCF00C92B53 /* OnboardingView.swift */ = {isa = PBXFileReference; lastKnownFileType = sourcecode.swift; path = OnboardingView.swift; sourceTree = "<group>"; };
		750BDEDF2902925500C92B53 /* SpaceGrotesk-Bold.ttf */ = {isa = PBXFileReference; lastKnownFileType = file; path = "SpaceGrotesk-Bold.ttf"; sourceTree = "<group>"; };
		750BDEE02902925500C92B53 /* SpaceGrotesk-Light.ttf */ = {isa = PBXFileReference; lastKnownFileType = file; path = "SpaceGrotesk-Light.ttf"; sourceTree = "<group>"; };
		750BDEE12902925500C92B53 /* SpaceGrotesk-Medium.ttf */ = {isa = PBXFileReference; lastKnownFileType = file; path = "SpaceGrotesk-Medium.ttf"; sourceTree = "<group>"; };
		750BDEE22902925500C92B53 /* SpaceGrotesk-Regular.ttf */ = {isa = PBXFileReference; lastKnownFileType = file; path = "SpaceGrotesk-Regular.ttf"; sourceTree = "<group>"; };
		750BDEE32902925500C92B53 /* SpaceGrotesk-SemiBold.ttf */ = {isa = PBXFileReference; lastKnownFileType = file; path = "SpaceGrotesk-SemiBold.ttf"; sourceTree = "<group>"; };
		750BDEE92902930200C92B53 /* Cloudy-DribbbleConcept-Info.plist */ = {isa = PBXFileReference; lastKnownFileType = text.plist; path = "Cloudy-DribbbleConcept-Info.plist"; sourceTree = SOURCE_ROOT; };
		750BDEEA290296F600C92B53 /* SeparatorLine.swift */ = {isa = PBXFileReference; lastKnownFileType = sourcecode.swift; path = SeparatorLine.swift; sourceTree = "<group>"; };
		750BDEED2902980E00C92B53 /* ArrowNextButton.swift */ = {isa = PBXFileReference; lastKnownFileType = sourcecode.swift; path = ArrowNextButton.swift; sourceTree = "<group>"; };
/* End PBXFileReference section */

/* Begin PBXFrameworksBuildPhase section */
		750BDEC6290287FA00C92B53 /* Frameworks */ = {
			isa = PBXFrameworksBuildPhase;
			buildActionMask = 2147483647;
			files = (
			);
			runOnlyForDeploymentPostprocessing = 0;
		};
/* End PBXFrameworksBuildPhase section */

/* Begin PBXGroup section */
		750BDEC0290287FA00C92B53 = {
			isa = PBXGroup;
			children = (
				750BDECB290287FA00C92B53 /* Cloudy_DribbbleConcept */,
				750BDECA290287FA00C92B53 /* Products */,
			);
			sourceTree = "<group>";
		};
		750BDECA290287FA00C92B53 /* Products */ = {
			isa = PBXGroup;
			children = (
				750BDEC9290287FA00C92B53 /* Cloudy_DribbbleConcept.app */,
			);
			name = Products;
			sourceTree = "<group>";
		};
		750BDECB290287FA00C92B53 /* Cloudy_DribbbleConcept */ = {
			isa = PBXGroup;
			children = (
				750BDEE92902930200C92B53 /* Cloudy-DribbbleConcept-Info.plist */,
				750BDEDE2902923000C92B53 /* Fonts */,
				750BDECC290287FA00C92B53 /* Cloudy_DribbbleConceptApp.swift */,
				750BDECE290287FA00C92B53 /* ContentView.swift */,
				750BDED0290287FB00C92B53 /* Assets.xcassets */,
				750BDED2290287FB00C92B53 /* Preview Content */,
				750BDEDA29028C5600C92B53 /* Constants.swift */,
				750BDEEA290296F600C92B53 /* SeparatorLine.swift */,
				750BDEDC29028CCF00C92B53 /* OnboardingView.swift */,
				750BDEED2902980E00C92B53 /* ArrowNextButton.swift */,
			);
			path = Cloudy_DribbbleConcept;
			sourceTree = "<group>";
		};
		750BDED2290287FB00C92B53 /* Preview Content */ = {
			isa = PBXGroup;
			children = (
				750BDED3290287FB00C92B53 /* Preview Assets.xcassets */,
			);
			path = "Preview Content";
			sourceTree = "<group>";
		};
		750BDEDE2902923000C92B53 /* Fonts */ = {
			isa = PBXGroup;
			children = (
				750BDEDF2902925500C92B53 /* SpaceGrotesk-Bold.ttf */,
				750BDEE02902925500C92B53 /* SpaceGrotesk-Light.ttf */,
				750BDEE12902925500C92B53 /* SpaceGrotesk-Medium.ttf */,
				750BDEE22902925500C92B53 /* SpaceGrotesk-Regular.ttf */,
				750BDEE32902925500C92B53 /* SpaceGrotesk-SemiBold.ttf */,
			);
			path = Fonts;
			sourceTree = "<group>";
		};
/* End PBXGroup section */

/* Begin PBXNativeTarget section */
		750BDEC8290287FA00C92B53 /* Cloudy_DribbbleConcept */ = {
			isa = PBXNativeTarget;
			buildConfigurationList = 750BDED7290287FB00C92B53 /* Build configuration list for PBXNativeTarget "Cloudy_DribbbleConcept" */;
			buildPhases = (
				750BDEC5290287FA00C92B53 /* Sources */,
				750BDEC6290287FA00C92B53 /* Frameworks */,
				750BDEC7290287FA00C92B53 /* Resources */,
			);
			buildRules = (
			);
			dependencies = (
			);
			name = Cloudy_DribbbleConcept;
			productName = Cloudy_DribbbleConcept;
			productReference = 750BDEC9290287FA00C92B53 /* Cloudy_DribbbleConcept.app */;
			productType = "com.apple.product-type.application";
		};
/* End PBXNativeTarget section */

/* Begin PBXProject section */
		750BDEC1290287FA00C92B53 /* Project object */ = {
			isa = PBXProject;
			attributes = {
				BuildIndependentTargetsInParallel = 1;
				LastSwiftUpdateCheck = 1400;
				LastUpgradeCheck = 1400;
				TargetAttributes = {
					750BDEC8290287FA00C92B53 = {
						CreatedOnToolsVersion = 14.0.1;
					};
				};
			};
			buildConfigurationList = 750BDEC4290287FA00C92B53 /* Build configuration list for PBXProject "Cloudy_DribbbleConcept" */;
			compatibilityVersion = "Xcode 14.0";
			developmentRegion = en;
			hasScannedForEncodings = 0;
			knownRegions = (
				en,
				Base,
			);
			mainGroup = 750BDEC0290287FA00C92B53;
			productRefGroup = 750BDECA290287FA00C92B53 /* Products */;
			projectDirPath = "";
			projectRoot = "";
			targets = (
				750BDEC8290287FA00C92B53 /* Cloudy_DribbbleConcept */,
			);
		};
/* End PBXProject section */

/* Begin PBXResourcesBuildPhase section */
		750BDEC7290287FA00C92B53 /* Resources */ = {
			isa = PBXResourcesBuildPhase;
			buildActionMask = 2147483647;
			files = (
				750BDEE62902925500C92B53 /* SpaceGrotesk-Medium.ttf in Resources */,
				750BDEE42902925500C92B53 /* SpaceGrotesk-Bold.ttf in Resources */,
				750BDEE72902925500C92B53 /* SpaceGrotesk-Regular.ttf in Resources */,
				750BDED4290287FB00C92B53 /* Preview Assets.xcassets in Resources */,
				750BDEE52902925500C92B53 /* SpaceGrotesk-Light.ttf in Resources */,
				750BDEE82902925500C92B53 /* SpaceGrotesk-SemiBold.ttf in Resources */,
				750BDED1290287FB00C92B53 /* Assets.xcassets in Resources */,
			);
			runOnlyForDeploymentPostprocessing = 0;
		};
/* End PBXResourcesBuildPhase section */

/* Begin PBXSourcesBuildPhase section */
		750BDEC5290287FA00C92B53 /* Sources */ = {
			isa = PBXSourcesBuildPhase;
			buildActionMask = 2147483647;
			files = (
				750BDEEE2902980E00C92B53 /* ArrowNextButton.swift in Sources */,
				750BDECF290287FA00C92B53 /* ContentView.swift in Sources */,
				750BDEDD29028CCF00C92B53 /* OnboardingView.swift in Sources */,
				750BDEEB290296F700C92B53 /* SeparatorLine.swift in Sources */,
				750BDECD290287FA00C92B53 /* Cloudy_DribbbleConceptApp.swift in Sources */,
				750BDEDB29028C5600C92B53 /* Constants.swift in Sources */,
			);
			runOnlyForDeploymentPostprocessing = 0;
		};
/* End PBXSourcesBuildPhase section */

/* Begin XCBuildConfiguration section */
		750BDED5290287FB00C92B53 /* Debug */ = {
			isa = XCBuildConfiguration;
			buildSettings = {
				ALWAYS_SEARCH_USER_PATHS = NO;
				CLANG_ANALYZER_NONNULL = YES;
				CLANG_ANALYZER_NUMBER_OBJECT_CONVERSION = YES_AGGRESSIVE;
				CLANG_CXX_LANGUAGE_STANDARD = "gnu++20";
				CLANG_ENABLE_MODULES = YES;
				CLANG_ENABLE_OBJC_ARC = YES;
				CLANG_ENABLE_OBJC_WEAK = YES;
				CLANG_WARN_BLOCK_CAPTURE_AUTORELEASING = YES;
				CLANG_WARN_BOOL_CONVERSION = YES;
				CLANG_WARN_COMMA = YES;
				CLANG_WARN_CONSTANT_CONVERSION = YES;
				CLANG_WARN_DEPRECATED_OBJC_IMPLEMENTATIONS = YES;
				CLANG_WARN_DIRECT_OBJC_ISA_USAGE = YES_ERROR;
				CLANG_WARN_DOCUMENTATION_COMMENTS = YES;
				CLANG_WARN_EMPTY_BODY = YES;
				CLANG_WARN_ENUM_CONVERSION = YES;
				CLANG_WARN_INFINITE_RECURSION = YES;
				CLANG_WARN_INT_CONVERSION = YES;
				CLANG_WARN_NON_LITERAL_NULL_CONVERSION = YES;
				CLANG_WARN_OBJC_IMPLICIT_RETAIN_SELF = YES;
				CLANG_WARN_OBJC_LITERAL_CONVERSION = YES;
				CLANG_WARN_OBJC_ROOT_CLASS = YES_ERROR;
				CLANG_WARN_QUOTED_INCLUDE_IN_FRAMEWORK_HEADER = YES;
				CLANG_WARN_RANGE_LOOP_ANALYSIS = YES;
				CLANG_WARN_STRICT_PROTOTYPES = YES;
				CLANG_WARN_SUSPICIOUS_MOVE = YES;
				CLANG_WARN_UNGUARDED_AVAILABILITY = YES_AGGRESSIVE;
				CLANG_WARN_UNREACHABLE_CODE = YES;
				CLANG_WARN__DUPLICATE_METHOD_MATCH = YES;
				COPY_PHASE_STRIP = NO;
				DEBUG_INFORMATION_FORMAT = dwarf;
				ENABLE_STRICT_OBJC_MSGSEND = YES;
				ENABLE_TESTABILITY = YES;
				GCC_C_LANGUAGE_STANDARD = gnu11;
				GCC_DYNAMIC_NO_PIC = NO;
				GCC_NO_COMMON_BLOCKS = YES;
				GCC_OPTIMIZATION_LEVEL = 0;
				GCC_PREPROCESSOR_DEFINITIONS = (
					"DEBUG=1",
					"$(inherited)",
				);
				GCC_WARN_64_TO_32_BIT_CONVERSION = YES;
				GCC_WARN_ABOUT_RETURN_TYPE = YES_ERROR;
				GCC_WARN_UNDECLARED_SELECTOR = YES;
				GCC_WARN_UNINITIALIZED_AUTOS = YES_AGGRESSIVE;
				GCC_WARN_UNUSED_FUNCTION = YES;
				GCC_WARN_UNUSED_VARIABLE = YES;
				IPHONEOS_DEPLOYMENT_TARGET = 16.0;
				MTL_ENABLE_DEBUG_INFO = INCLUDE_SOURCE;
				MTL_FAST_MATH = YES;
				ONLY_ACTIVE_ARCH = YES;
				SDKROOT = iphoneos;
				SWIFT_ACTIVE_COMPILATION_CONDITIONS = DEBUG;
				SWIFT_OPTIMIZATION_LEVEL = "-Onone";
			};
			name = Debug;
		};
		750BDED6290287FB00C92B53 /* Release */ = {
			isa = XCBuildConfiguration;
			buildSettings = {
				ALWAYS_SEARCH_USER_PATHS = NO;
				CLANG_ANALYZER_NONNULL = YES;
				CLANG_ANALYZER_NUMBER_OBJECT_CONVERSION = YES_AGGRESSIVE;
				CLANG_CXX_LANGUAGE_STANDARD = "gnu++20";
				CLANG_ENABLE_MODULES = YES;
				CLANG_ENABLE_OBJC_ARC = YES;
				CLANG_ENABLE_OBJC_WEAK = YES;
				CLANG_WARN_BLOCK_CAPTURE_AUTORELEASING = YES;
				CLANG_WARN_BOOL_CONVERSION = YES;
				CLANG_WARN_COMMA = YES;
				CLANG_WARN_CONSTANT_CONVERSION = YES;
				CLANG_WARN_DEPRECATED_OBJC_IMPLEMENTATIONS = YES;
				CLANG_WARN_DIRECT_OBJC_ISA_USAGE = YES_ERROR;
				CLANG_WARN_DOCUMENTATION_COMMENTS = YES;
				CLANG_WARN_EMPTY_BODY = YES;
				CLANG_WARN_ENUM_CONVERSION = YES;
				CLANG_WARN_INFINITE_RECURSION = YES;
				CLANG_WARN_INT_CONVERSION = YES;
				CLANG_WARN_NON_LITERAL_NULL_CONVERSION = YES;
				CLANG_WARN_OBJC_IMPLICIT_RETAIN_SELF = YES;
				CLANG_WARN_OBJC_LITERAL_CONVERSION = YES;
				CLANG_WARN_OBJC_ROOT_CLASS = YES_ERROR;
				CLANG_WARN_QUOTED_INCLUDE_IN_FRAMEWORK_HEADER = YES;
				CLANG_WARN_RANGE_LOOP_ANALYSIS = YES;
				CLANG_WARN_STRICT_PROTOTYPES = YES;
				CLANG_WARN_SUSPICIOUS_MOVE = YES;
				CLANG_WARN_UNGUARDED_AVAILABILITY = YES_AGGRESSIVE;
				CLANG_WARN_UNREACHABLE_CODE = YES;
				CLANG_WARN__DUPLICATE_METHOD_MATCH = YES;
				COPY_PHASE_STRIP = NO;
				DEBUG_INFORMATION_FORMAT = "dwarf-with-dsym";
				ENABLE_NS_ASSERTIONS = NO;
				ENABLE_STRICT_OBJC_MSGSEND = YES;
				GCC_C_LANGUAGE_STANDARD = gnu11;
				GCC_NO_COMMON_BLOCKS = YES;
				GCC_WARN_64_TO_32_BIT_CONVERSION = YES;
				GCC_WARN_ABOUT_RETURN_TYPE = YES_ERROR;
				GCC_WARN_UNDECLARED_SELECTOR = YES;
				GCC_WARN_UNINITIALIZED_AUTOS = YES_AGGRESSIVE;
				GCC_WARN_UNUSED_FUNCTION = YES;
				GCC_WARN_UNUSED_VARIABLE = YES;
				IPHONEOS_DEPLOYMENT_TARGET = 16.0;
				MTL_ENABLE_DEBUG_INFO = NO;
				MTL_FAST_MATH = YES;
				SDKROOT = iphoneos;
				SWIFT_COMPILATION_MODE = wholemodule;
				SWIFT_OPTIMIZATION_LEVEL = "-O";
				VALIDATE_PRODUCT = YES;
			};
			name = Release;
		};
		750BDED8290287FB00C92B53 /* Debug */ = {
			isa = XCBuildConfiguration;
			buildSettings = {
				ASSETCATALOG_COMPILER_APPICON_NAME = AppIcon;
				ASSETCATALOG_COMPILER_GLOBAL_ACCENT_COLOR_NAME = AccentColor;
				CODE_SIGN_STYLE = Automatic;
				CURRENT_PROJECT_VERSION = 1;
				DEVELOPMENT_ASSET_PATHS = "\"Cloudy_DribbbleConcept/Preview Content\"";
				DEVELOPMENT_TEAM = 678L74QEPX;
				ENABLE_PREVIEWS = YES;
				GENERATE_INFOPLIST_FILE = YES;
				INFOPLIST_FILE = "Cloudy-DribbbleConcept-Info.plist";
				INFOPLIST_KEY_LSApplicationCategoryType = "";
				INFOPLIST_KEY_UIApplicationSceneManifest_Generation = YES;
				INFOPLIST_KEY_UIApplicationSupportsIndirectInputEvents = YES;
				INFOPLIST_KEY_UILaunchScreen_Generation = YES;
				INFOPLIST_KEY_UISupportedInterfaceOrientations_iPad = "UIInterfaceOrientationPortrait UIInterfaceOrientationPortraitUpsideDown UIInterfaceOrientationLandscapeLeft UIInterfaceOrientationLandscapeRight";
				INFOPLIST_KEY_UISupportedInterfaceOrientations_iPhone = "UIInterfaceOrientationPortrait UIInterfaceOrientationLandscapeLeft UIInterfaceOrientationLandscapeRight";
				LD_RUNPATH_SEARCH_PATHS = (
					"$(inherited)",
					"@executable_path/Frameworks",
				);
				MARKETING_VERSION = 1.0;
				PRODUCT_BUNDLE_IDENTIFIER = "com.jonasg.Cloudy-DribbbleConcept";
				PRODUCT_NAME = "$(TARGET_NAME)";
				SWIFT_EMIT_LOC_STRINGS = YES;
				SWIFT_VERSION = 5.0;
				TARGETED_DEVICE_FAMILY = "1,2";
			};
			name = Debug;
		};
		750BDED9290287FB00C92B53 /* Release */ = {
			isa = XCBuildConfiguration;
			buildSettings = {
				ASSETCATALOG_COMPILER_APPICON_NAME = AppIcon;
				ASSETCATALOG_COMPILER_GLOBAL_ACCENT_COLOR_NAME = AccentColor;
				CODE_SIGN_STYLE = Automatic;
				CURRENT_PROJECT_VERSION = 1;
				DEVELOPMENT_ASSET_PATHS = "\"Cloudy_DribbbleConcept/Preview Content\"";
				DEVELOPMENT_TEAM = 678L74QEPX;
				ENABLE_PREVIEWS = YES;
				GENERATE_INFOPLIST_FILE = YES;
				INFOPLIST_FILE = "Cloudy-DribbbleConcept-Info.plist";
				INFOPLIST_KEY_LSApplicationCategoryType = "";
				INFOPLIST_KEY_UIApplicationSceneManifest_Generation = YES;
				INFOPLIST_KEY_UIApplicationSupportsIndirectInputEvents = YES;
				INFOPLIST_KEY_UILaunchScreen_Generation = YES;
				INFOPLIST_KEY_UISupportedInterfaceOrientations_iPad = "UIInterfaceOrientationPortrait UIInterfaceOrientationPortraitUpsideDown UIInterfaceOrientationLandscapeLeft UIInterfaceOrientationLandscapeRight";
				INFOPLIST_KEY_UISupportedInterfaceOrientations_iPhone = "UIInterfaceOrientationPortrait UIInterfaceOrientationLandscapeLeft UIInterfaceOrientationLandscapeRight";
				LD_RUNPATH_SEARCH_PATHS = (
					"$(inherited)",
					"@executable_path/Frameworks",
				);
				MARKETING_VERSION = 1.0;
				PRODUCT_BUNDLE_IDENTIFIER = "com.jonasg.Cloudy-DribbbleConcept";
				PRODUCT_NAME = "$(TARGET_NAME)";
				SWIFT_EMIT_LOC_STRINGS = YES;
				SWIFT_VERSION = 5.0;
				TARGETED_DEVICE_FAMILY = "1,2";
			};
			name = Release;
		};
/* End XCBuildConfiguration section */

/* Begin XCConfigurationList section */
		750BDEC4290287FA00C92B53 /* Build configuration list for PBXProject "Cloudy_DribbbleConcept" */ = {
			isa = XCConfigurationList;
			buildConfigurations = (
				750BDED5290287FB00C92B53 /* Debug */,
				750BDED6290287FB00C92B53 /* Release */,
			);
			defaultConfigurationIsVisible = 0;
			defaultConfigurationName = Release;
		};
		750BDED7290287FB00C92B53 /* Build configuration list for PBXNativeTarget "Cloudy_DribbbleConcept" */ = {
			isa = XCConfigurationList;
			buildConfigurations = (
				750BDED8290287FB00C92B53 /* Debug */,
				750BDED9290287FB00C92B53 /* Release */,
			);
			defaultConfigurationIsVisible = 0;
			defaultConfigurationName = Release;
		};
/* End XCConfigurationList section */
	};
	rootObject = 750BDEC1290287FA00C92B53 /* Project object */;
}
